
Microsoft Visual Studio Solution File, Format Version 12.00
# Visual Studio 15
VisualStudioVersion = 15.0.27130.2024
MinimumVisualStudioVersion = 10.0.40219.1
Project("{FAE04EC0-301F-11D3-BF4B-00C04F79EFBC}") = "JsProj", "JsProj\JsProj.csproj", "{D3CFE82B-CAF3-4D5B-9699-CEBE9B8AD899}"
EndProject
Project("{2150E333-8FDC-42A3-9474-1A3956D46DE8}") = "Solution Items", "Solution Items", "{2A025A1C-522A-4F60-AD64-BF5619F99B31}"
EndProject
Global
	GlobalSection(SolutionConfigurationPlatforms) = preSolution
		Debug|Any CPU = Debug|Any CPU
		Release|Any CPU = Release|Any CPU
	EndGlobalSection
	GlobalSection(ProjectConfigurationPlatforms) = postSolution
		{D3CFE82B-CAF3-4D5B-9699-CEBE9B8AD899}.Debug|Any CPU.ActiveCfg = Debug|Any CPU
		{D3CFE82B-CAF3-4D5B-9699-CEBE9B8AD899}.Debug|Any CPU.Build.0 = Debug|Any CPU
		{D3CFE82B-CAF3-4D5B-9699-CEBE9B8AD899}.Release|Any CPU.ActiveCfg = Release|Any CPU
		{D3CFE82B-CAF3-4D5B-9699-CEBE9B8AD899}.Release|Any CPU.Build.0 = Release|Any CPU
	EndGlobalSection
	GlobalSection(SolutionProperties) = preSolution
		HideSolutionNode = FALSE
	EndGlobalSection
	GlobalSection(ExtensibilityGlobals) = postSolution
		SolutionGuid = {C7C826B3-9304-4F88-8B2E-4D70339B5E23}
	EndGlobalSection
EndGlobal
